
Microsoft Visual Studio Solution File, Format Version 12.00
# Visual Studio 15
VisualStudioVersion = 15.0.28307.572
MinimumVisualStudioVersion = 10.0.40219.1
Project("{FAE04EC0-301F-11D3-BF4B-00C04F79EFBC}") = "KRIP_METHOD_GAMMING", "KRIP_METHOD_GAMMING\KRIP_METHOD_GAMMING.csproj", "{A965FFC3-03B6-416E-8ADD-574D02F23E1B}"
EndProject
Global
	GlobalSection(SolutionConfigurationPlatforms) = preSolution
		Debug|Any CPU = Debug|Any CPU
		Release|Any CPU = Release|Any CPU
	EndGlobalSection
	GlobalSection(ProjectConfigurationPlatforms) = postSolution
		{A965FFC3-03B6-416E-8ADD-574D02F23E1B}.Debug|Any CPU.ActiveCfg = Debug|Any CPU
		{A965FFC3-03B6-416E-8ADD-574D02F23E1B}.Debug|Any CPU.Build.0 = Debug|Any CPU
		{A965FFC3-03B6-416E-8ADD-574D02F23E1B}.Release|Any CPU.ActiveCfg = Release|Any CPU
		{A965FFC3-03B6-416E-8ADD-574D02F23E1B}.Release|Any CPU.Build.0 = Release|Any CPU
	EndGlobalSection
	GlobalSection(SolutionProperties) = preSolution
		HideSolutionNode = FALSE
	EndGlobalSection
	GlobalSection(ExtensibilityGlobals) = postSolution
		SolutionGuid = {24E6A3C7-1C1A-443C-ABEE-18C13ABE1620}
	EndGlobalSection
EndGlobal
